Microsoft Visual Studio Solution File, Format Version 12.00
# Visual Studio Version 17
VisualStudioVersion = 17.5.2.0
MinimumVisualStudioVersion = 10.0.40219.1
Project("{FAE04EC0-301F-11D3-BF4B-00C04F79EFBC}") = "FixturesService", "FixturesService.csproj", "{255391F9-0CF1-EBA1-F919-2F4E321F6441}"
EndProject
Global
	GlobalSection(SolutionConfigurationPlatforms) = preSolution
		Debug|Any CPU = Debug|Any CPU
		Release|Any CPU = Release|Any CPU
	EndGlobalSection
	GlobalSection(ProjectConfigurationPlatforms) = postSolution
		{255391F9-0CF1-EBA1-F919-2F4E321F6441}.Debug|Any CPU.ActiveCfg = Debug|Any CPU
		{255391F9-0CF1-EBA1-F919-2F4E321F6441}.Debug|Any CPU.Build.0 = Debug|Any CPU
		{255391F9-0CF1-EBA1-F919-2F4E321F6441}.Release|Any CPU.ActiveCfg = Release|Any CPU
		{255391F9-0CF1-EBA1-F919-2F4E321F6441}.Release|Any CPU.Build.0 = Release|Any CPU
	EndGlobalSection
	GlobalSection(SolutionProperties) = preSolution
		HideSolutionNode = FALSE
	EndGlobalSection
	GlobalSection(ExtensibilityGlobals) = postSolution
		SolutionGuid = {14797F2F-8C14-4391-BF1B-2EA748B64A6E}
	EndGlobalSection
EndGlobal
